
Microsoft Visual Studio Solution File, Format Version 12.00
# Visual Studio Version 17
VisualStudioVersion = 17.4.33205.214
MinimumVisualStudioVersion = 10.0.40219.1
Project("{2150E333-8FDC-42A3-9474-1A3956D46DE8}") = "Services", "Services", "{8EF2F015-A47F-47CB-BB3B-04D7F805CD10}"
EndProject
Project("{2150E333-8FDC-42A3-9474-1A3956D46DE8}") = "Catalog", "Catalog", "{8D28EC5F-F135-48B7-98A1-28092EAB40B3}"
EndProject
Project("{9A19103F-16F7-4668-BE54-9A1E7A4F7556}") = "Catalog.API", "Services\Catalog\Catalog.API\Catalog.API.csproj", "{5B0702EA-2A67-40CE-82E0-4E0FC1F68FE0}"
EndProject
Project("{E53339B2-1760-4266-BCC7-CA923CBCF16C}") = "docker-compose", "docker-compose.dcproj", "{9C684516-6479-4311-A9FE-CB1B22E0F32C}"
EndProject
Project("{2150E333-8FDC-42A3-9474-1A3956D46DE8}") = "Basket", "Basket", "{4F03DE72-3573-41D8-9250-3F6BCDBCA86E}"
EndProject
Project("{9A19103F-16F7-4668-BE54-9A1E7A4F7556}") = "Basket.API", "Services\Basket\Basket.API\Basket.API.csproj", "{982D0A59-A789-4699-8211-9CA7FF2453B6}"
EndProject
Project("{2150E333-8FDC-42A3-9474-1A3956D46DE8}") = "Discount", "Discount", "{DDE842AD-68B3-4927-A272-98F966263BBC}"
EndProject
Project("{9A19103F-16F7-4668-BE54-9A1E7A4F7556}") = "Discount.API", "Services\Discount\Discount.API\Discount.API.csproj", "{BBC04022-5683-4396-8674-2094EE9EC5D8}"
EndProject
Project("{9A19103F-16F7-4668-BE54-9A1E7A4F7556}") = "Discount.Grpc", "Services\Discount\Discount.Grpc\Discount.Grpc.csproj", "{AA14CEBD-DDEA-4075-8B8C-2069F0C45B78}"
EndProject
Project("{2150E333-8FDC-42A3-9474-1A3956D46DE8}") = "Ordering", "Ordering", "{FB90A3F5-823B-42D0-BCA3-694CB1927521}"
EndProject
Project("{9A19103F-16F7-4668-BE54-9A1E7A4F7556}") = "Ordering.API", "Services\Ordering\Ordering.API\Ordering.API.csproj", "{ABCB6B88-0D5B-4F0F-9041-B934B2776195}"
EndProject
Project("{9A19103F-16F7-4668-BE54-9A1E7A4F7556}") = "Ordering.Domain", "Services\Ordering\Ordering.Domain\Ordering.Domain.csproj", "{4C0C6297-459D-44A8-88C0-8768A7EBA603}"
EndProject
Project("{9A19103F-16F7-4668-BE54-9A1E7A4F7556}") = "Ordering.Application", "Services\Ordering\Ordering.Application\Ordering.Application.csproj", "{599E039C-E6A3-467B-896D-67034F4CE012}"
EndProject
Project("{9A19103F-16F7-4668-BE54-9A1E7A4F7556}") = "Ordering.Infraestructure", "Services\Ordering\Ordering.Infraestructure\Ordering.Infraestructure.csproj", "{9F06D41F-C744-4CB4-8AF0-C5732CDEC258}"
EndProject
Project("{2150E333-8FDC-42A3-9474-1A3956D46DE8}") = "BuildingBlocks", "BuildingBlocks", "{3D9AA091-EDEE-4520-8E6B-7EFCF896572A}"
EndProject
Project("{FAE04EC0-301F-11D3-BF4B-00C04F79EFBC}") = "EventBus.Messages", "BuildingBlocks\EventBus.Messages\EventBus.Messages.csproj", "{DD90704E-ECD9-477F-B009-2BA1BD117F44}"
EndProject
Global
	GlobalSection(SolutionConfigurationPlatforms) = preSolution
		Debug|Any CPU = Debug|Any CPU
		Release|Any CPU = Release|Any CPU
	EndGlobalSection
	GlobalSection(ProjectConfigurationPlatforms) = postSolution
		{5B0702EA-2A67-40CE-82E0-4E0FC1F68FE0}.Debug|Any CPU.ActiveCfg = Debug|Any CPU
		{5B0702EA-2A67-40CE-82E0-4E0FC1F68FE0}.Debug|Any CPU.Build.0 = Debug|Any CPU
		{5B0702EA-2A67-40CE-82E0-4E0FC1F68FE0}.Release|Any CPU.ActiveCfg = Release|Any CPU
		{5B0702EA-2A67-40CE-82E0-4E0FC1F68FE0}.Release|Any CPU.Build.0 = Release|Any CPU
		{9C684516-6479-4311-A9FE-CB1B22E0F32C}.Debug|Any CPU.ActiveCfg = Debug|Any CPU
		{9C684516-6479-4311-A9FE-CB1B22E0F32C}.Debug|Any CPU.Build.0 = Debug|Any CPU
		{9C684516-6479-4311-A9FE-CB1B22E0F32C}.Release|Any CPU.ActiveCfg = Release|Any CPU
		{9C684516-6479-4311-A9FE-CB1B22E0F32C}.Release|Any CPU.Build.0 = Release|Any CPU
		{982D0A59-A789-4699-8211-9CA7FF2453B6}.Debug|Any CPU.ActiveCfg = Debug|Any CPU
		{982D0A59-A789-4699-8211-9CA7FF2453B6}.Debug|Any CPU.Build.0 = Debug|Any CPU
		{982D0A59-A789-4699-8211-9CA7FF2453B6}.Release|Any CPU.ActiveCfg = Release|Any CPU
		{982D0A59-A789-4699-8211-9CA7FF2453B6}.Release|Any CPU.Build.0 = Release|Any CPU
		{BBC04022-5683-4396-8674-2094EE9EC5D8}.Debug|Any CPU.ActiveCfg = Debug|Any CPU
		{BBC04022-5683-4396-8674-2094EE9EC5D8}.Debug|Any CPU.Build.0 = Debug|Any CPU
		{BBC04022-5683-4396-8674-2094EE9EC5D8}.Release|Any CPU.ActiveCfg = Release|Any CPU
		{BBC04022-5683-4396-8674-2094EE9EC5D8}.Release|Any CPU.Build.0 = Release|Any CPU
		{AA14CEBD-DDEA-4075-8B8C-2069F0C45B78}.Debug|Any CPU.ActiveCfg = Debug|Any CPU
		{AA14CEBD-DDEA-4075-8B8C-2069F0C45B78}.Debug|Any CPU.Build.0 = Debug|Any CPU
		{AA14CEBD-DDEA-4075-8B8C-2069F0C45B78}.Release|Any CPU.ActiveCfg = Release|Any CPU
		{AA14CEBD-DDEA-4075-8B8C-2069F0C45B78}.Release|Any CPU.Build.0 = Release|Any CPU
		{ABCB6B88-0D5B-4F0F-9041-B934B2776195}.Debug|Any CPU.ActiveCfg = Debug|Any CPU
		{ABCB6B88-0D5B-4F0F-9041-B934B2776195}.Debug|Any CPU.Build.0 = Debug|Any CPU
		{ABCB6B88-0D5B-4F0F-9041-B934B2776195}.Release|Any CPU.ActiveCfg = Release|Any CPU
		{ABCB6B88-0D5B-4F0F-9041-B934B2776195}.Release|Any CPU.Build.0 = Release|Any CPU
		{4C0C6297-459D-44A8-88C0-8768A7EBA603}.Debug|Any CPU.ActiveCfg = Debug|Any CPU
		{4C0C6297-459D-44A8-88C0-8768A7EBA603}.Debug|Any CPU.Build.0 = Debug|Any CPU
		{4C0C6297-459D-44A8-88C0-8768A7EBA603}.Release|Any CPU.ActiveCfg = Release|Any CPU
		{4C0C6297-459D-44A8-88C0-8768A7EBA603}.Release|Any CPU.Build.0 = Release|Any CPU
		{599E039C-E6A3-467B-896D-67034F4CE012}.Debug|Any CPU.ActiveCfg = Debug|Any CPU
		{599E039C-E6A3-467B-896D-67034F4CE012}.Debug|Any CPU.Build.0 = Debug|Any CPU
		{599E039C-E6A3-467B-896D-67034F4CE012}.Release|Any CPU.ActiveCfg = Release|Any CPU
		{599E039C-E6A3-467B-896D-67034F4CE012}.Release|Any CPU.Build.0 = Release|Any CPU
		{9F06D41F-C744-4CB4-8AF0-C5732CDEC258}.Debug|Any CPU.ActiveCfg = Debug|Any CPU
		{9F06D41F-C744-4CB4-8AF0-C5732CDEC258}.Debug|Any CPU.Build.0 = Debug|Any CPU
		{9F06D41F-C744-4CB4-8AF0-C5732CDEC258}.Release|Any CPU.ActiveCfg = Release|Any CPU
		{9F06D41F-C744-4CB4-8AF0-C5732CDEC258}.Release|Any CPU.Build.0 = Release|Any CPU
		{DD90704E-ECD9-477F-B009-2BA1BD117F44}.Debug|Any CPU.ActiveCfg = Debug|Any CPU
		{DD90704E-ECD9-477F-B009-2BA1BD117F44}.Debug|Any CPU.Build.0 = Debug|Any CPU
		{DD90704E-ECD9-477F-B009-2BA1BD117F44}.Release|Any CPU.ActiveCfg = Release|Any CPU
		{DD90704E-ECD9-477F-B009-2BA1BD117F44}.Release|Any CPU.Build.0 = Release|Any CPU
	EndGlobalSection
	GlobalSection(SolutionProperties) = preSolution
		HideSolutionNode = FALSE
	EndGlobalSection
	GlobalSection(NestedProjects) = preSolution
		{8D28EC5F-F135-48B7-98A1-28092EAB40B3} = {8EF2F015-A47F-47CB-BB3B-04D7F805CD10}
		{5B0702EA-2A67-40CE-82E0-4E0FC1F68FE0} = {8D28EC5F-F135-48B7-98A1-28092EAB40B3}
		{4F03DE72-3573-41D8-9250-3F6BCDBCA86E} = {8EF2F015-A47F-47CB-BB3B-04D7F805CD10}
		{982D0A59-A789-4699-8211-9CA7FF2453B6} = {4F03DE72-3573-41D8-9250-3F6BCDBCA86E}
		{DDE842AD-68B3-4927-A272-98F966263BBC} = {8EF2F015-A47F-47CB-BB3B-04D7F805CD10}
		{BBC04022-5683-4396-8674-2094EE9EC5D8} = {DDE842AD-68B3-4927-A272-98F966263BBC}
		{AA14CEBD-DDEA-4075-8B8C-2069F0C45B78} = {DDE842AD-68B3-4927-A272-98F966263BBC}
		{FB90A3F5-823B-42D0-BCA3-694CB1927521} = {8EF2F015-A47F-47CB-BB3B-04D7F805CD10}
		{ABCB6B88-0D5B-4F0F-9041-B934B2776195} = {FB90A3F5-823B-42D0-BCA3-694CB1927521}
		{4C0C6297-459D-44A8-88C0-8768A7EBA603} = {FB90A3F5-823B-42D0-BCA3-694CB1927521}
		{599E039C-E6A3-467B-896D-67034F4CE012} = {FB90A3F5-823B-42D0-BCA3-694CB1927521}
		{9F06D41F-C744-4CB4-8AF0-C5732CDEC258} = {FB90A3F5-823B-42D0-BCA3-694CB1927521}
		{DD90704E-ECD9-477F-B009-2BA1BD117F44} = {3D9AA091-EDEE-4520-8E6B-7EFCF896572A}
	EndGlobalSection
	GlobalSection(ExtensibilityGlobals) = postSolution
		SolutionGuid = {3ACFD9D1-5799-4D29-B6CC-48CAAF96F4B8}
	EndGlobalSection
EndGlobal
